
Microsoft Visual Studio Solution File, Format Version 12.00
# Visual Studio 14
VisualStudioVersion = 14.0.24720.0
MinimumVisualStudioVersion = 10.0.40219.1
Project("{FAE04EC0-301F-11D3-BF4B-00C04F79EFBC}") = "ProjectModule", "ProjectModule\ProjectModule.csproj", "{ACBFD751-F110-4507-AB1A-7DA4F578DCE4}"
EndProject
Project("{FAE04EC0-301F-11D3-BF4B-00C04F79EFBC}") = "ProjectModuleTests", "ProjectModuleTests\ProjectModuleTests.csproj", "{6CF2C7D7-2E51-440D-84EF-67AB2CBD1B78}"
EndProject
Global
	GlobalSection(SolutionConfigurationPlatforms) = preSolution
		Debug|Any CPU = Debug|Any CPU
		Release|Any CPU = Release|Any CPU
	EndGlobalSection
	GlobalSection(ProjectConfigurationPlatforms) = postSolution
		{ACBFD751-F110-4507-AB1A-7DA4F578DCE4}.Debug|Any CPU.ActiveCfg = Debug|Any CPU
		{ACBFD751-F110-4507-AB1A-7DA4F578DCE4}.Debug|Any CPU.Build.0 = Debug|Any CPU
		{ACBFD751-F110-4507-AB1A-7DA4F578DCE4}.Release|Any CPU.ActiveCfg = Release|Any CPU
		{ACBFD751-F110-4507-AB1A-7DA4F578DCE4}.Release|Any CPU.Build.0 = Release|Any CPU
		{6CF2C7D7-2E51-440D-84EF-67AB2CBD1B78}.Debug|Any CPU.ActiveCfg = Debug|Any CPU
		{6CF2C7D7-2E51-440D-84EF-67AB2CBD1B78}.Debug|Any CPU.Build.0 = Debug|Any CPU
		{6CF2C7D7-2E51-440D-84EF-67AB2CBD1B78}.Release|Any CPU.ActiveCfg = Release|Any CPU
		{6CF2C7D7-2E51-440D-84EF-67AB2CBD1B78}.Release|Any CPU.Build.0 = Release|Any CPU
	EndGlobalSection
	GlobalSection(SolutionProperties) = preSolution
		HideSolutionNode = FALSE
	EndGlobalSection
EndGlobal
